
Microsoft Visual Studio Solution File, Format Version 12.00
# Visual Studio Version 16
VisualStudioVersion = 16.0.31702.278
MinimumVisualStudioVersion = 10.0.40219.1
Project("{FAE04EC0-301F-11D3-BF4B-00C04F79EFBC}") = "ngram", "ngram.csproj", "{CD5E3FEF-D54B-472E-823C-8E5084A6CF71}"
EndProject
Global
	GlobalSection(SolutionConfigurationPlatforms) = preSolution
		Debug|Any CPU = Debug|Any CPU
		Release|Any CPU = Release|Any CPU
	EndGlobalSection
	GlobalSection(ProjectConfigurationPlatforms) = postSolution
		{CD5E3FEF-D54B-472E-823C-8E5084A6CF71}.Debug|Any CPU.ActiveCfg = Debug|Any CPU
		{CD5E3FEF-D54B-472E-823C-8E5084A6CF71}.Debug|Any CPU.Build.0 = Debug|Any CPU
		{CD5E3FEF-D54B-472E-823C-8E5084A6CF71}.Release|Any CPU.ActiveCfg = Release|Any CPU
		{CD5E3FEF-D54B-472E-823C-8E5084A6CF71}.Release|Any CPU.Build.0 = Release|Any CPU
	EndGlobalSection
	GlobalSection(SolutionProperties) = preSolution
		HideSolutionNode = FALSE
	EndGlobalSection
	GlobalSection(ExtensibilityGlobals) = postSolution
		SolutionGuid = {E20A347D-6ED1-4B7F-A44A-DF8EC45B2DE6}
	EndGlobalSection
EndGlobal
